
Microsoft Visual Studio Solution File, Format Version 12.00
# Visual Studio Version 17
VisualStudioVersion = 17.14.36202.13 d17.14
MinimumVisualStudioVersion = 10.0.40219.1
Project("{FAE04EC0-301F-11D3-BF4B-00C04F79EFBC}") = "RobotCarSecurityMonitor", "RobotCarSecurityMonitor\RobotCarSecurityMonitor.csproj", "{1D9E905C-CB6B-4A19-9F11-9FD590E058AA}"
EndProject
Global
	GlobalSection(SolutionConfigurationPlatforms) = preSolution
		Debug|Any CPU = Debug|Any CPU
		Release|Any CPU = Release|Any CPU
	EndGlobalSection
	GlobalSection(ProjectConfigurationPlatforms) = postSolution
		{1D9E905C-CB6B-4A19-9F11-9FD590E058AA}.Debug|Any CPU.ActiveCfg = Debug|Any CPU
		{1D9E905C-CB6B-4A19-9F11-9FD590E058AA}.Debug|Any CPU.Build.0 = Debug|Any CPU
		{1D9E905C-CB6B-4A19-9F11-9FD590E058AA}.Release|Any CPU.ActiveCfg = Release|Any CPU
		{1D9E905C-CB6B-4A19-9F11-9FD590E058AA}.Release|Any CPU.Build.0 = Release|Any CPU
	EndGlobalSection
	GlobalSection(SolutionProperties) = preSolution
		HideSolutionNode = FALSE
	EndGlobalSection
	GlobalSection(ExtensibilityGlobals) = postSolution
		SolutionGuid = {BD414FC2-3861-4EF9-BAD7-369B0C4E27F9}
	EndGlobalSection
EndGlobal
